
Microsoft Visual Studio Solution File, Format Version 12.00
# Visual Studio Version 17
VisualStudioVersion = 17.2.32516.85
MinimumVisualStudioVersion = 10.0.40219.1
Project("{FAE04EC0-301F-11D3-BF4B-00C04F79EFBC}") = "CartImplementation", "CartImplementation\CartImplementation.csproj", "{C0E46887-EF78-4DF1-A26A-CB5B731156B7}"
EndProject
Global
	GlobalSection(SolutionConfigurationPlatforms) = preSolution
		Debug|Any CPU = Debug|Any CPU
		Release|Any CPU = Release|Any CPU
	EndGlobalSection
	GlobalSection(ProjectConfigurationPlatforms) = postSolution
		{C0E46887-EF78-4DF1-A26A-CB5B731156B7}.Debug|Any CPU.ActiveCfg = Debug|Any CPU
		{C0E46887-EF78-4DF1-A26A-CB5B731156B7}.Debug|Any CPU.Build.0 = Debug|Any CPU
		{C0E46887-EF78-4DF1-A26A-CB5B731156B7}.Release|Any CPU.ActiveCfg = Release|Any CPU
		{C0E46887-EF78-4DF1-A26A-CB5B731156B7}.Release|Any CPU.Build.0 = Release|Any CPU
	EndGlobalSection
	GlobalSection(SolutionProperties) = preSolution
		HideSolutionNode = FALSE
	EndGlobalSection
	GlobalSection(ExtensibilityGlobals) = postSolution
		SolutionGuid = {C3448FD0-1951-46C9-8543-32C84E88038A}
	EndGlobalSection
EndGlobal
